{
    "_readme": [
        "This file locks the dependencies of your project to a known state",
        "Read more about it at https://getcomposer.org/doc/01-basic-usage.md#installing-dependencies",
        "This file is @generated automatically"
    ],
    "content-hash": "9e16d5b1e3f8c4e2a1b7f5c3d9e2a4b6",
    "packages": [
        {
            "name": "brick/math",
            "version": "0.14.8",
            "source": {
                "type": "git",
                "url": "https://github.com/brick/math.git",
                "reference": "63422359a44b7f06cae63c3b429b59e8efcc0629"
            },
            "dist": {
                "type": "zip",
                "url": "https://api.github.com/repos/brick/math/zipball/63422359a44b7f06cae63c3b429b59e8efcc0629",
                "reference": "63422359a44b7f06cae63c3b429b59e8efcc0629",
                "shasum": ""
            },
            "require": {
                "php": "^8.2"
            },
            "type": "library",
            "autoload": {
                "psr-4": {
                    "Brick\\Math\\": "src/"
                }
            },
            "notification-url": "https://packagist.org/downloads/",
            "license": [
                "MIT"
            ],
            "description": "Arbitrary-precision arithmetic library",
            "time": "2026-02-10T14:33:43+00:00"
        }
    ],
    "packages-dev": [
        {
            "name": "laravel/sail",
            "version": "v1.26.4",
            "source": {
                "type": "git",
                "url": "https://github.com/laravel/sail.git",
                "reference": "da9d5b1d0a8e7c3f5b2e1a4d9c8e7f6a5b4c3d2e"
            },
            "dist": {
                "type": "zip",
                "url": "https://api.github.com/repos/laravel/sail/zipball/da9d5b1d0a8e7c3f5b2e1a4d9c8e7f6a5b4c3d2e",
                "reference": "da9d5b1d0a8e7c3f5b2e1a4d9c8e7f6a5b4c3d2e",
                "shasum": ""
            },
            "require": {
                "php": "^8.0"
            },
            "require-dev": {
                "orchestra/testbench": "^6.0"
            },
            "type": "library",
            "autoload": {
                "psr-4": {
                    "Laravel\\Sail\\": "src/"
                }
            },
            "notification-url": "https://packagist.org/downloads/",
            "license": [
                "MIT"
            ],
            "authors": [
                {
                    "name": "Taylor Otwell",
                    "email": "taylor@laravel.com"
                }
            ],
            "description": "Docker dev environment for Laravel",
            "time": "2024-04-15T10:30:00+00:00"
        },
        {
            "name": "fakerphp/faker",
            "version": "v1.23.1",
            "source": {
                "type": "git",
                "url": "https://github.com/fakerphp/faker.git",
                "reference": "bfb4e3d42d357172c7667651db8a56fd8bfb0db2"
            },
            "dist": {
                "type": "zip",
                "url": "https://api.github.com/repos/fakerphp/faker/zipball/bfb4e3d42d357172c7667651db8a56fd8bfb0db2",
                "reference": "bfb4e3d42d357172c7667651db8a56fd8bfb0db2",
                "shasum": ""
            },
            "require": {
                "php": "^8.1"
            },
            "type": "library",
            "time": "2024-02-20T15:30:00+00:00"
        }
    ],
    "aliases": [],
    "minimum-stability": "stable",
    "stability-flags": {},
    "prefer-stable": true,
    "prefer-lowest": false,
    "platform": [],
    "platform-dev": []
}
